<?xml version="1.0" encoding="utf-8"?>
<Project ToolsVersion="4.0" xmlns="http://schemas.microsoft.com/developer/msbuild/2003">
  <ItemGroup>
    <Filter Include="win32">
      <UniqueIdentifier>{84a8ebd7-7cf0-47f6-b75e-d441df67da40}</UniqueIdentifier>
    </Filter>
    <Filter Include="Classes">
      <UniqueIdentifier>{bb6c862e-70e9-49d9-81b7-3829a6f50471}</UniqueIdentifier>
    </Filter>
  </ItemGroup>
  <ItemGroup>
    <ClCompile Include="main.cpp">
      <Filter>win32</Filter>
    </ClCompile>
    <ClCompile Include="..\..\src\app_delegate.cpp">
      <Filter>Classes</Filter>
    </ClCompile>
    <ClCompile Include="..\..\src\event_scene.cpp">
      <Filter>Classes</Filter>
    </ClCompile>
    <ClCompile Include="..\..\src\game_scene.cpp">
      <Filter>Classes</Filter>
    </ClCompile>
    <ClCompile Include="..\..\src\play_scene.cpp">
      <Filter>Classes</Filter>
    </ClCompile>
    <ClCompile Include="..\..\src\start_scene.cpp">
      <Filter>Classes</Filter>
    </ClCompile>
    <ClCompile Include="..\..\src\user.cpp">
      <Filter>Classes</Filter>
    </ClCompile>
    <ClCompile Include="..\..\src\card_manager.cpp">
      <Filter>Classes</Filter>
    </ClCompile>
    <ClCompile Include="..\..\src\shop_scene.cpp">
      <Filter>Classes</Filter>
    </ClCompile>
    <ClCompile Include="..\..\src\static_config.cpp">
      <Filter>Classes</Filter>
    </ClCompile>
  </ItemGroup>
  <ItemGroup>
    <ClInclude Include="main.h">
      <Filter>win32</Filter>
    </ClInclude>
    <ClInclude Include="..\..\src\app_delegate.h">
      <Filter>Classes</Filter>
    </ClInclude>
    <ClInclude Include="..\..\src\event_mgr.h">
      <Filter>Classes</Filter>
    </ClInclude>
    <ClInclude Include="..\..\src\event_scene.h">
      <Filter>Classes</Filter>
    </ClInclude>
    <ClInclude Include="..\..\src\game_scene.h">
      <Filter>Classes</Filter>
    </ClInclude>
    <ClInclude Include="..\..\src\play_scene.h">
      <Filter>Classes</Filter>
    </ClInclude>
    <ClInclude Include="..\..\src\start_scene.h">
      <Filter>Classes</Filter>
    </ClInclude>
    <ClInclude Include="..\..\src\user.h">
      <Filter>Classes</Filter>
    </ClInclude>
    <ClInclude Include="..\..\src\card_manager.h">
      <Filter>Classes</Filter>
    </ClInclude>
    <ClInclude Include="..\..\src\shop_scene.h">
      <Filter>Classes</Filter>
    </ClInclude>
    <ClInclude Include="..\..\src\static_config.h">
      <Filter>Classes</Filter>
    </ClInclude>
    <ClInclude Include="..\..\src\common.h">
      <Filter>Classes</Filter>
    </ClInclude>
  </ItemGroup>
</Project>