<?xml version="1.0" encoding="utf-8"?>
<Project ToolsVersion="4.0" xmlns="http://schemas.microsoft.com/developer/msbuild/2003">
  <ItemGroup>
    <Filter Include="Source Files">
      <UniqueIdentifier>{4FC737F1-C7A5-4376-A066-2A32D752A2FF}</UniqueIdentifier>
      <Extensions>cpp;c;cc;cxx;def;odl;idl;hpj;bat;asm;asmx</Extensions>
    </Filter>
    <Filter Include="common">
      <UniqueIdentifier>{35da207b-56d1-4a7c-8450-dea2fff65c0f}</UniqueIdentifier>
    </Filter>
  </ItemGroup>
  <ItemGroup>
    <ClCompile Include="..\src\main.cpp">
      <Filter>Source Files</Filter>
    </ClCompile>
    <ClCompile Include="..\src\game_scene.cpp">
      <Filter>Source Files</Filter>
    </ClCompile>
    <ClCompile Include="..\src\user.cpp">
      <Filter>Source Files</Filter>
    </ClCompile>
    <ClCompile Include="..\src\play_scene.cpp">
      <Filter>Source Files</Filter>
    </ClCompile>
    <ClCompile Include="..\src\app_delegate.cpp">
      <Filter>Source Files</Filter>
    </ClCompile>
    <ClCompile Include="..\src\start_scene.cpp">
      <Filter>Source Files</Filter>
    </ClCompile>
    <ClCompile Include="..\src\event_scene.cpp">
      <Filter>Source Files</Filter>
    </ClCompile>
    <ClCompile Include="..\src\card_action.cpp">
      <Filter>Source Files</Filter>
    </ClCompile>
    <ClCompile Include="..\src\card_manager.cpp">
      <Filter>Source Files</Filter>
    </ClCompile>
  </ItemGroup>
  <ItemGroup>
    <ClInclude Include="..\src\main.h">
      <Filter>Source Files</Filter>
    </ClInclude>
    <ClInclude Include="..\src\game_scene.h">
      <Filter>Source Files</Filter>
    </ClInclude>
    <ClInclude Include="..\src\event_mgr.h">
      <Filter>Source Files</Filter>
    </ClInclude>
    <ClInclude Include="..\src\user.h">
      <Filter>Source Files</Filter>
    </ClInclude>
    <ClInclude Include="..\src\play_scene.h">
      <Filter>Source Files</Filter>
    </ClInclude>
    <ClInclude Include="..\src\app_delegate.h">
      <Filter>Source Files</Filter>
    </ClInclude>
    <ClInclude Include="..\src\start_scene.h">
      <Filter>Source Files</Filter>
    </ClInclude>
    <ClInclude Include="..\src\event_scene.h">
      <Filter>Source Files</Filter>
    </ClInclude>
    <ClInclude Include="..\src\card_action.h">
      <Filter>Source Files</Filter>
    </ClInclude>
    <ClInclude Include="..\src\card_manager.h">
      <Filter>Source Files</Filter>
    </ClInclude>
  </ItemGroup>
</Project>
